
Microsoft Visual Studio Solution File, Format Version 12.00
# Visual Studio Version 17
VisualStudioVersion = 17.10.35122.118
MinimumVisualStudioVersion = 10.0.40219.1
Project("{FAE04EC0-301F-11D3-BF4B-00C04F79EFBC}") = "Seminar1", "Seminar1.csproj", "{4CCDD58C-335E-44F3-9A18-A97561273E38}"
EndProject
Global
	GlobalSection(SolutionConfigurationPlatforms) = preSolution
		Debug|Any CPU = Debug|Any CPU
		Release|Any CPU = Release|Any CPU
	EndGlobalSection
	GlobalSection(ProjectConfigurationPlatforms) = postSolution
		{4CCDD58C-335E-44F3-9A18-A97561273E38}.Debug|Any CPU.ActiveCfg = Debug|Any CPU
		{4CCDD58C-335E-44F3-9A18-A97561273E38}.Debug|Any CPU.Build.0 = Debug|Any CPU
		{4CCDD58C-335E-44F3-9A18-A97561273E38}.Release|Any CPU.ActiveCfg = Release|Any CPU
		{4CCDD58C-335E-44F3-9A18-A97561273E38}.Release|Any CPU.Build.0 = Release|Any CPU
	EndGlobalSection
	GlobalSection(SolutionProperties) = preSolution
		HideSolutionNode = FALSE
	EndGlobalSection
	GlobalSection(ExtensibilityGlobals) = postSolution
		SolutionGuid = {E9F2C63F-7F28-435D-AF10-E708BE9E4BA5}
	EndGlobalSection
EndGlobal
